// !$*UTF8*$!
{
	archiveVersion = 1;
	classes = {
	};
	objectVersion = 56;
	objects = {

/* Begin PBXBuildFile section */
		4ECB8E612BF3A6B800157932 /* AppDelegate.swift in Sources */ = {isa = PBXBuildFile; fileRef = 4ECB8E602BF3A6B800157932 /* AppDelegate.swift */; };
		4ECB8E652BF3A6B800157932 /* ViewController.swift in Sources */ = {isa = PBXBuildFile; fileRef = 4ECB8E642BF3A6B800157932 /* ViewController.swift */; };
		4ECB8E6A2BF3A6B900157932 /* Assets.xcassets in Resources */ = {isa = PBXBuildFile; fileRef = 4ECB8E692BF3A6B900157932 /* Assets.xcassets */; };
		4ECB8E6D2BF3A6B900157932 /* Base in Resources */ = {isa = PBXBuildFile; fileRef = 4ECB8E6C2BF3A6B900157932 /* Base */; };
		4ECB8E912BF3AB2C00157932 /* ContentView.swift in Sources */ = {isa = PBXBuildFile; fileRef = 4ECB8E902BF3AB2C00157932 /* ContentView.swift */; };
		4ECB8E932BF3AB7900157932 /* Time.swift in Sources */ = {isa = PBXBuildFile; fileRef = 4ECB8E922BF3AB7900157932 /* Time.swift */; };
		4ECB8E952BF3AB8600157932 /* Colors.swift in Sources */ = {isa = PBXBuildFile; fileRef = 4ECB8E942BF3AB8600157932 /* Colors.swift */; };
		4ECB8E972BF3ABC700157932 /* TimePickerView.swift in Sources */ = {isa = PBXBuildFile; fileRef = 4ECB8E962BF3ABC700157932 /* TimePickerView.swift */; };
/* End PBXBuildFile section */

/* Begin PBXFileReference section */
		4ECB8E5D2BF3A6B800157932 /* SwiftUIHosting.app */ = {isa = PBXFileReference; explicitFileType = wrapper.application; includeInIndex = 0; path = SwiftUIHosting.app; sourceTree = BUILT_PRODUCTS_DIR; };
		4ECB8E602BF3A6B800157932 /* AppDelegate.swift */ = {isa = PBXFileReference; lastKnownFileType = sourcecode.swift; path = AppDelegate.swift; sourceTree = "<group>"; };
		4ECB8E642BF3A6B800157932 /* ViewController.swift */ = {isa = PBXFileReference; lastKnownFileType = sourcecode.swift; path = ViewController.swift; sourceTree = "<group>"; };
		4ECB8E692BF3A6B900157932 /* Assets.xcassets */ = {isa = PBXFileReference; lastKnownFileType = folder.assetcatalog; path = Assets.xcassets; sourceTree = "<group>"; };
		4ECB8E6C2BF3A6B900157932 /* Base */ = {isa = PBXFileReference; lastKnownFileType = file.storyboard; name = Base; path = Base.lproj/LaunchScreen.storyboard; sourceTree = "<group>"; };
		4ECB8E902BF3AB2C00157932 /* ContentView.swift */ = {isa = PBXFileReference; lastKnownFileType = sourcecode.swift; path = ContentView.swift; sourceTree = "<group>"; };
		4ECB8E922BF3AB7900157932 /* Time.swift */ = {isa = PBXFileReference; lastKnownFileType = sourcecode.swift; path = Time.swift; sourceTree = "<group>"; };
		4ECB8E942BF3AB8600157932 /* Colors.swift */ = {isa = PBXFileReference; lastKnownFileType = sourcecode.swift; path = Colors.swift; sourceTree = "<group>"; };
		4ECB8E962BF3ABC700157932 /* TimePickerView.swift */ = {isa = PBXFileReference; lastKnownFileType = sourcecode.swift; path = TimePickerView.swift; sourceTree = "<group>"; };
		4ECB8E982BF3B04D00157932 /* Info.plist */ = {isa = PBXFileReference; fileEncoding = 4; lastKnownFileType = text.plist.xml; path = Info.plist; sourceTree = "<group>"; };
/* End PBXFileReference section */

/* Begin PBXFrameworksBuildPhase section */
		4ECB8E5A2BF3A6B800157932 /* Frameworks */ = {
			isa = PBXFrameworksBuildPhase;
			buildActionMask = 2147483647;
			files = (
			);
			runOnlyForDeploymentPostprocessing = 0;
		};
/* End PBXFrameworksBuildPhase section */

/* Begin PBXGroup section */
		4ECB8E542BF3A6B800157932 = {
			isa = PBXGroup;
			children = (
				4ECB8E5F2BF3A6B800157932 /* SwiftUIHosting */,
				4ECB8E5E2BF3A6B800157932 /* Products */,
			);
			sourceTree = "<group>";
		};
		4ECB8E5E2BF3A6B800157932 /* Products */ = {
			isa = PBXGroup;
			children = (
				4ECB8E5D2BF3A6B800157932 /* SwiftUIHosting.app */,
			);
			name = Products;
			sourceTree = "<group>";
		};
		4ECB8E5F2BF3A6B800157932 /* SwiftUIHosting */ = {
			isa = PBXGroup;
			children = (
				4ECB8E602BF3A6B800157932 /* AppDelegate.swift */,
				4ECB8E642BF3A6B800157932 /* ViewController.swift */,
				4ECB8E962BF3ABC700157932 /* TimePickerView.swift */,
				4ECB8E902BF3AB2C00157932 /* ContentView.swift */,
				4ECB8E922BF3AB7900157932 /* Time.swift */,
				4ECB8E942BF3AB8600157932 /* Colors.swift */,
				4ECB8E692BF3A6B900157932 /* Assets.xcassets */,
				4ECB8E6B2BF3A6B900157932 /* LaunchScreen.storyboard */,
				4ECB8E982BF3B04D00157932 /* Info.plist */,
			);
			path = SwiftUIHosting;
			sourceTree = "<group>";
		};
/* End PBXGroup section */

/* Begin PBXNativeTarget section */
		4ECB8E5C2BF3A6B800157932 /* SwiftUIHosting */ = {
			isa = PBXNativeTarget;
			buildConfigurationList = 4ECB8E872BF3A6BA00157932 /* Build configuration list for PBXNativeTarget "SwiftUIHosting" */;
			buildPhases = (
				4ECB8E592BF3A6B800157932 /* Sources */,
				4ECB8E5A2BF3A6B800157932 /* Frameworks */,
				4ECB8E5B2BF3A6B800157932 /* Resources */,
			);
			buildRules = (
			);
			dependencies = (
			);
			name = SwiftUIHosting;
			productName = SwiftUIHosting;
			productReference = 4ECB8E5D2BF3A6B800157932 /* SwiftUIHosting.app */;
			productType = "com.apple.product-type.application";
		};
/* End PBXNativeTarget section */

/* Begin PBXProject section */
		4ECB8E552BF3A6B800157932 /* Project object */ = {
			isa = PBXProject;
			attributes = {
				BuildIndependentTargetsInParallel = 1;
				LastSwiftUpdateCheck = 1530;
				LastUpgradeCheck = 1530;
				TargetAttributes = {
					4ECB8E5C2BF3A6B800157932 = {
						CreatedOnToolsVersion = 15.3;
					};
				};
			};
			buildConfigurationList = 4ECB8E582BF3A6B800157932 /* Build configuration list for PBXProject "SwiftUIHosting" */;
			compatibilityVersion = "Xcode 14.0";
			developmentRegion = en;
			hasScannedForEncodings = 0;
			knownRegions = (
				en,
				Base,
			);
			mainGroup = 4ECB8E542BF3A6B800157932;
			productRefGroup = 4ECB8E5E2BF3A6B800157932 /* Products */;
			projectDirPath = "";
			projectRoot = "";
			targets = (
				4ECB8E5C2BF3A6B800157932 /* SwiftUIHosting */,
			);
		};
/* End PBXProject section */

/* Begin PBXResourcesBuildPhase section */
		4ECB8E5B2BF3A6B800157932 /* Resources */ = {
			isa = PBXResourcesBuildPhase;
			buildActionMask = 2147483647;
			files = (
				4ECB8E6A2BF3A6B900157932 /* Assets.xcassets in Resources */,
				4ECB8E6D2BF3A6B900157932 /* Base in Resources */,
			);
			runOnlyForDeploymentPostprocessing = 0;
		};
/* End PBXResourcesBuildPhase section */

/* Begin PBXSourcesBuildPhase section */
		4ECB8E592BF3A6B800157932 /* Sources */ = {
			isa = PBXSourcesBuildPhase;
			buildActionMask = 2147483647;
			files = (
				4ECB8E932BF3AB7900157932 /* Time.swift in Sources */,
				4ECB8E972BF3ABC700157932 /* TimePickerView.swift in Sources */,
				4ECB8E652BF3A6B800157932 /* ViewController.swift in Sources */,
				4ECB8E912BF3AB2C00157932 /* ContentView.swift in Sources */,
				4ECB8E952BF3AB8600157932 /* Colors.swift in Sources */,
				4ECB8E612BF3A6B800157932 /* AppDelegate.swift in Sources */,
			);
			runOnlyForDeploymentPostprocessing = 0;
		};
/* End PBXSourcesBuildPhase section */

/* Begin PBXVariantGroup section */
		4ECB8E6B2BF3A6B900157932 /* LaunchScreen.storyboard */ = {
			isa = PBXVariantGroup;
			children = (
				4ECB8E6C2BF3A6B900157932 /* Base */,
			);
			name = LaunchScreen.storyboard;
			sourceTree = "<group>";
		};
/* End PBXVariantGroup section */

/* Begin XCBuildConfiguration section */
		4ECB8E852BF3A6BA00157932 /* Debug */ = {
			isa = XCBuildConfiguration;
			buildSettings = {
				ALWAYS_SEARCH_USER_PATHS = NO;
				ASSETCATALOG_COMPILER_GENERATE_SWIFT_ASSET_SYMBOL_EXTENSIONS = YES;
				CLANG_ANALYZER_NONNULL = YES;
				CLANG_ANALYZER_NUMBER_OBJECT_CONVERSION = YES_AGGRESSIVE;
				CLANG_CXX_LANGUAGE_STANDARD = "gnu++20";
				CLANG_ENABLE_MODULES = YES;
				CLANG_ENABLE_OBJC_ARC = YES;
				CLANG_ENABLE_OBJC_WEAK = YES;
				CLANG_WARN_BLOCK_CAPTURE_AUTORELEASING = YES;
				CLANG_WARN_BOOL_CONVERSION = YES;
				CLANG_WARN_COMMA = YES;
				CLANG_WARN_CONSTANT_CONVERSION = YES;
				CLANG_WARN_DEPRECATED_OBJC_IMPLEMENTATIONS = YES;
				CLANG_WARN_DIRECT_OBJC_ISA_USAGE = YES_ERROR;
				CLANG_WARN_DOCUMENTATION_COMMENTS = YES;
				CLANG_WARN_EMPTY_BODY = YES;
				CLANG_WARN_ENUM_CONVERSION = YES;
				CLANG_WARN_INFINITE_RECURSION = YES;
				CLANG_WARN_INT_CONVERSION = YES;
				CLANG_WARN_NON_LITERAL_NULL_CONVERSION = YES;
				CLANG_WARN_OBJC_IMPLICIT_RETAIN_SELF = YES;
				CLANG_WARN_OBJC_LITERAL_CONVERSION = YES;
				CLANG_WARN_OBJC_ROOT_CLASS = YES_ERROR;
				CLANG_WARN_QUOTED_INCLUDE_IN_FRAMEWORK_HEADER = YES;
				CLANG_WARN_RANGE_LOOP_ANALYSIS = YES;
				CLANG_WARN_STRICT_PROTOTYPES = YES;
				CLANG_WARN_SUSPICIOUS_MOVE = YES;
				CLANG_WARN_UNGUARDED_AVAILABILITY = YES_AGGRESSIVE;
				CLANG_WARN_UNREACHABLE_CODE = YES;
				CLANG_WARN__DUPLICATE_METHOD_MATCH = YES;
				COPY_PHASE_STRIP = NO;
				DEBUG_INFORMATION_FORMAT = dwarf;
				ENABLE_STRICT_OBJC_MSGSEND = YES;
				ENABLE_TESTABILITY = YES;
				ENABLE_USER_SCRIPT_SANDBOXING = YES;
				GCC_C_LANGUAGE_STANDARD = gnu17;
				GCC_DYNAMIC_NO_PIC = NO;
				GCC_NO_COMMON_BLOCKS = YES;
				GCC_OPTIMIZATION_LEVEL = 0;
				GCC_PREPROCESSOR_DEFINITIONS = (
					"DEBUG=1",
					"$(inherited)",
				);
				GCC_WARN_64_TO_32_BIT_CONVERSION = YES;
				GCC_WARN_ABOUT_RETURN_TYPE = YES_ERROR;
				GCC_WARN_UNDECLARED_SELECTOR = YES;
				GCC_WARN_UNINITIALIZED_AUTOS = YES_AGGRESSIVE;
				GCC_WARN_UNUSED_FUNCTION = YES;
				GCC_WARN_UNUSED_VARIABLE = YES;
				INFOPLIST_FILE = SwiftUIHosting/Info.plist;
				IPHONEOS_DEPLOYMENT_TARGET = 17.4;
				LOCALIZATION_PREFERS_STRING_CATALOGS = YES;
				MTL_ENABLE_DEBUG_INFO = INCLUDE_SOURCE;
				MTL_FAST_MATH = YES;
				ONLY_ACTIVE_ARCH = YES;
				SDKROOT = iphoneos;
				SWIFT_ACTIVE_COMPILATION_CONDITIONS = "DEBUG $(inherited)";
				SWIFT_OPTIMIZATION_LEVEL = "-Onone";
			};
			name = Debug;
		};
		4ECB8E862BF3A6BA00157932 /* Release */ = {
			isa = XCBuildConfiguration;
			buildSettings = {
				ALWAYS_SEARCH_USER_PATHS = NO;
				ASSETCATALOG_COMPILER_GENERATE_SWIFT_ASSET_SYMBOL_EXTENSIONS = YES;
				CLANG_ANALYZER_NONNULL = YES;
				CLANG_ANALYZER_NUMBER_OBJECT_CONVERSION = YES_AGGRESSIVE;
				CLANG_CXX_LANGUAGE_STANDARD = "gnu++20";
				CLANG_ENABLE_MODULES = YES;
				CLANG_ENABLE_OBJC_ARC = YES;
				CLANG_ENABLE_OBJC_WEAK = YES;
				CLANG_WARN_BLOCK_CAPTURE_AUTORELEASING = YES;
				CLANG_WARN_BOOL_CONVERSION = YES;
				CLANG_WARN_COMMA = YES;
				CLANG_WARN_CONSTANT_CONVERSION = YES;
				CLANG_WARN_DEPRECATED_OBJC_IMPLEMENTATIONS = YES;
				CLANG_WARN_DIRECT_OBJC_ISA_USAGE = YES_ERROR;
				CLANG_WARN_DOCUMENTATION_COMMENTS = YES;
				CLANG_WARN_EMPTY_BODY = YES;
				CLANG_WARN_ENUM_CONVERSION = YES;
				CLANG_WARN_INFINITE_RECURSION = YES;
				CLANG_WARN_INT_CONVERSION = YES;
				CLANG_WARN_NON_LITERAL_NULL_CONVERSION = YES;
				CLANG_WARN_OBJC_IMPLICIT_RETAIN_SELF = YES;
				CLANG_WARN_OBJC_LITERAL_CONVERSION = YES;
				CLANG_WARN_OBJC_ROOT_CLASS = YES_ERROR;
				CLANG_WARN_QUOTED_INCLUDE_IN_FRAMEWORK_HEADER = YES;
				CLANG_WARN_RANGE_LOOP_ANALYSIS = YES;
				CLANG_WARN_STRICT_PROTOTYPES = YES;
				CLANG_WARN_SUSPICIOUS_MOVE = YES;
				CLANG_WARN_UNGUARDED_AVAILABILITY = YES_AGGRESSIVE;
				CLANG_WARN_UNREACHABLE_CODE = YES;
				CLANG_WARN__DUPLICATE_METHOD_MATCH = YES;
				COPY_PHASE_STRIP = NO;
				DEBUG_INFORMATION_FORMAT = "dwarf-with-dsym";
				ENABLE_NS_ASSERTIONS = NO;
				ENABLE_STRICT_OBJC_MSGSEND = YES;
				ENABLE_USER_SCRIPT_SANDBOXING = YES;
				GCC_C_LANGUAGE_STANDARD = gnu17;
				GCC_NO_COMMON_BLOCKS = YES;
				GCC_WARN_64_TO_32_BIT_CONVERSION = YES;
				GCC_WARN_ABOUT_RETURN_TYPE = YES_ERROR;
				GCC_WARN_UNDECLARED_SELECTOR = YES;
				GCC_WARN_UNINITIALIZED_AUTOS = YES_AGGRESSIVE;
				GCC_WARN_UNUSED_FUNCTION = YES;
				GCC_WARN_UNUSED_VARIABLE = YES;
				INFOPLIST_FILE = SwiftUIHosting/Info.plist;
				IPHONEOS_DEPLOYMENT_TARGET = 17.4;
				LOCALIZATION_PREFERS_STRING_CATALOGS = YES;
				MTL_ENABLE_DEBUG_INFO = NO;
				MTL_FAST_MATH = YES;
				SDKROOT = iphoneos;
				SWIFT_COMPILATION_MODE = wholemodule;
				VALIDATE_PRODUCT = YES;
			};
			name = Release;
		};
		4ECB8E882BF3A6BA00157932 /* Debug */ = {
			isa = XCBuildConfiguration;
			buildSettings = {
				ASSETCATALOG_COMPILER_APPICON_NAME = AppIcon;
				ASSETCATALOG_COMPILER_GLOBAL_ACCENT_COLOR_NAME = AccentColor;
				CODE_SIGN_STYLE = Automatic;
				CURRENT_PROJECT_VERSION = 1;
				DEVELOPMENT_TEAM = X5QPQ583EG;
				GENERATE_INFOPLIST_FILE = YES;
				INFOPLIST_FILE = SwiftUIHosting/Info.plist;
				INFOPLIST_KEY_UIApplicationSupportsIndirectInputEvents = YES;
				INFOPLIST_KEY_UILaunchStoryboardName = LaunchScreen;
				INFOPLIST_KEY_UISupportedInterfaceOrientations_iPad = "UIInterfaceOrientationPortrait UIInterfaceOrientationPortraitUpsideDown UIInterfaceOrientationLandscapeLeft UIInterfaceOrientationLandscapeRight";
				INFOPLIST_KEY_UISupportedInterfaceOrientations_iPhone = "UIInterfaceOrientationPortrait UIInterfaceOrientationLandscapeLeft UIInterfaceOrientationLandscapeRight";
				LD_RUNPATH_SEARCH_PATHS = (
					"$(inherited)",
					"@executable_path/Frameworks",
				);
				MARKETING_VERSION = 1.0;
				PRODUCT_BUNDLE_IDENTIFIER = com.animata.SwiftUIHosting;
				PRODUCT_NAME = "$(TARGET_NAME)";
				SWIFT_EMIT_LOC_STRINGS = YES;
				SWIFT_VERSION = 5.0;
				TARGETED_DEVICE_FAMILY = "1,2";
			};
			name = Debug;
		};
		4ECB8E892BF3A6BA00157932 /* Release */ = {
			isa = XCBuildConfiguration;
			buildSettings = {
				ASSETCATALOG_COMPILER_APPICON_NAME = AppIcon;
				ASSETCATALOG_COMPILER_GLOBAL_ACCENT_COLOR_NAME = AccentColor;
				CODE_SIGN_STYLE = Automatic;
				CURRENT_PROJECT_VERSION = 1;
				DEVELOPMENT_TEAM = X5QPQ583EG;
				GENERATE_INFOPLIST_FILE = YES;
				INFOPLIST_FILE = SwiftUIHosting/Info.plist;
				INFOPLIST_KEY_UIApplicationSupportsIndirectInputEvents = YES;
				INFOPLIST_KEY_UILaunchStoryboardName = LaunchScreen;
				INFOPLIST_KEY_UISupportedInterfaceOrientations_iPad = "UIInterfaceOrientationPortrait UIInterfaceOrientationPortraitUpsideDown UIInterfaceOrientationLandscapeLeft UIInterfaceOrientationLandscapeRight";
				INFOPLIST_KEY_UISupportedInterfaceOrientations_iPhone = "UIInterfaceOrientationPortrait UIInterfaceOrientationLandscapeLeft UIInterfaceOrientationLandscapeRight";
				LD_RUNPATH_SEARCH_PATHS = (
					"$(inherited)",
					"@executable_path/Frameworks",
				);
				MARKETING_VERSION = 1.0;
				PRODUCT_BUNDLE_IDENTIFIER = com.animata.SwiftUIHosting;
				PRODUCT_NAME = "$(TARGET_NAME)";
				SWIFT_EMIT_LOC_STRINGS = YES;
				SWIFT_VERSION = 5.0;
				TARGETED_DEVICE_FAMILY = "1,2";
			};
			name = Release;
		};
/* End XCBuildConfiguration section */

/* Begin XCConfigurationList section */
		4ECB8E582BF3A6B800157932 /* Build configuration list for PBXProject "SwiftUIHosting" */ = {
			isa = XCConfigurationList;
			buildConfigurations = (
				4ECB8E852BF3A6BA00157932 /* Debug */,
				4ECB8E862BF3A6BA00157932 /* Release */,
			);
			defaultConfigurationIsVisible = 0;
			defaultConfigurationName = Release;
		};
		4ECB8E872BF3A6BA00157932 /* Build configuration list for PBXNativeTarget "SwiftUIHosting" */ = {
			isa = XCConfigurationList;
			buildConfigurations = (
				4ECB8E882BF3A6BA00157932 /* Debug */,
				4ECB8E892BF3A6BA00157932 /* Release */,
			);
			defaultConfigurationIsVisible = 0;
			defaultConfigurationName = Release;
		};
/* End XCConfigurationList section */
	};
	rootObject = 4ECB8E552BF3A6B800157932 /* Project object */;
}
